
Microsoft Visual Studio Solution File, Format Version 12.00
# Visual Studio 2012
Project("{FAE04EC0-301F-11D3-BF4B-00C04F79EFBC}") = "RippleCaptcha", "CaptchaMaker\RippleCaptcha.csproj", "{76E416E6-95A5-4606-BA1E-B78C6F13D2A1}"
EndProject
Project("{FAE04EC0-301F-11D3-BF4B-00C04F79EFBC}") = "TestRippleCaptcha", "TestRippleCaptcha\TestRippleCaptcha.csproj", "{8F5E8271-DDB7-435B-A90A-0BEED189BFE1}"
EndProject
Global
	GlobalSection(SolutionConfigurationPlatforms) = preSolution
		Debug|Any CPU = Debug|Any CPU
		Release|Any CPU = Release|Any CPU
	EndGlobalSection
	GlobalSection(ProjectConfigurationPlatforms) = postSolution
		{76E416E6-95A5-4606-BA1E-B78C6F13D2A1}.Debug|Any CPU.ActiveCfg = Debug|Any CPU
		{76E416E6-95A5-4606-BA1E-B78C6F13D2A1}.Debug|Any CPU.Build.0 = Debug|Any CPU
		{76E416E6-95A5-4606-BA1E-B78C6F13D2A1}.Release|Any CPU.ActiveCfg = Release|Any CPU
		{76E416E6-95A5-4606-BA1E-B78C6F13D2A1}.Release|Any CPU.Build.0 = Release|Any CPU
		{8F5E8271-DDB7-435B-A90A-0BEED189BFE1}.Debug|Any CPU.ActiveCfg = Debug|Any CPU
		{8F5E8271-DDB7-435B-A90A-0BEED189BFE1}.Debug|Any CPU.Build.0 = Debug|Any CPU
		{8F5E8271-DDB7-435B-A90A-0BEED189BFE1}.Release|Any CPU.ActiveCfg = Release|Any CPU
		{8F5E8271-DDB7-435B-A90A-0BEED189BFE1}.Release|Any CPU.Build.0 = Release|Any CPU
	EndGlobalSection
	GlobalSection(SolutionProperties) = preSolution
		HideSolutionNode = FALSE
	EndGlobalSection
EndGlobal
